
Microsoft Visual Studio Solution File, Format Version 12.00
# Visual Studio Version 16
VisualStudioVersion = 16.0.28922.388
MinimumVisualStudioVersion = 10.0.40219.1
Project("{FAE04EC0-301F-11D3-BF4B-00C04F79EFBC}") = "WindowsFormsApp1", "WindowsFormsApp1\WindowsFormsApp1.csproj", "{DCFC1469-7AE2-4514-BF71-80C2A232A34B}"
EndProject
Global
	GlobalSection(SolutionConfigurationPlatforms) = preSolution
		Debug|Any CPU = Debug|Any CPU
		Release|Any CPU = Release|Any CPU
	EndGlobalSection
	GlobalSection(ProjectConfigurationPlatforms) = postSolution
		{DCFC1469-7AE2-4514-BF71-80C2A232A34B}.Debug|Any CPU.ActiveCfg = Debug|Any CPU
		{DCFC1469-7AE2-4514-BF71-80C2A232A34B}.Debug|Any CPU.Build.0 = Debug|Any CPU
		{DCFC1469-7AE2-4514-BF71-80C2A232A34B}.Release|Any CPU.ActiveCfg = Release|Any CPU
		{DCFC1469-7AE2-4514-BF71-80C2A232A34B}.Release|Any CPU.Build.0 = Release|Any CPU
	EndGlobalSection
	GlobalSection(SolutionProperties) = preSolution
		HideSolutionNode = FALSE
	EndGlobalSection
	GlobalSection(ExtensibilityGlobals) = postSolution
		SolutionGuid = {9E456AEA-AF7F-4771-A87A-A349240D6A55}
	EndGlobalSection
EndGlobal
